// !$*UTF8*$!
{
	archiveVersion = 1;
	classes = {
	};
	objectVersion = 46;
	objects = {

/* Begin PBXBuildFile section */
		1E70096418CA6F8700203990 /* Foundation.framework in Frameworks */ = {isa = PBXBuildFile; fileRef = 1E70096318CA6F8700203990 /* Foundation.framework */; };
		1E70096618CA6F8700203990 /* CoreGraphics.framework in Frameworks */ = {isa = PBXBuildFile; fileRef = 1E70096518CA6F8700203990 /* CoreGraphics.framework */; };
		1E70096818CA6F8700203990 /* UIKit.framework in Frameworks */ = {isa = PBXBuildFile; fileRef = 1E70096718CA6F8700203990 /* UIKit.framework */; };
		1E70096E18CA6F8700203990 /* InfoPlist.strings in Resources */ = {isa = PBXBuildFile; fileRef = 1E70096C18CA6F8700203990 /* InfoPlist.strings */; };
		1E70097018CA6F8700203990 /* main.m in Sources */ = {isa = PBXBuildFile; fileRef = 1E70096F18CA6F8700203990 /* main.m */; };
		1E70097418CA6F8700203990 /* OHMAppDelegate.m in Sources */ = {isa = PBXBuildFile; fileRef = 1E70097318CA6F8700203990 /* OHMAppDelegate.m */; };
		1E70097618CA6F8700203990 /* Images.xcassets in Resources */ = {isa = PBXBuildFile; fileRef = 1E70097518CA6F8700203990 /* Images.xcassets */; };
		1E70097D18CA6F8700203990 /* XCTest.framework in Frameworks */ = {isa = PBXBuildFile; fileRef = 1E70097C18CA6F8700203990 /* XCTest.framework */; };
		1E70097E18CA6F8700203990 /* Foundation.framework in Frameworks */ = {isa = PBXBuildFile; fileRef = 1E70096318CA6F8700203990 /* Foundation.framework */; };
		1E70097F18CA6F8700203990 /* UIKit.framework in Frameworks */ = {isa = PBXBuildFile; fileRef = 1E70096718CA6F8700203990 /* UIKit.framework */; };
		1E70098718CA6F8700203990 /* InfoPlist.strings in Resources */ = {isa = PBXBuildFile; fileRef = 1E70098518CA6F8700203990 /* InfoPlist.strings */; };
		1E70098918CA6F8700203990 /* ohmage_iosTests.m in Sources */ = {isa = PBXBuildFile; fileRef = 1E70098818CA6F8700203990 /* ohmage_iosTests.m */; };
		1E70099418CA6FC500203990 /* OHMDashboardViewController.m in Sources */ = {isa = PBXBuildFile; fileRef = 1E70099318CA6FC500203990 /* OHMDashboardViewController.m */; };
		1E70099718CA701800203990 /* OHMDashboardCell.m in Sources */ = {isa = PBXBuildFile; fileRef = 1E70099618CA701800203990 /* OHMDashboardCell.m */; };
		1E70099B18CA7DFD00203990 /* OHMDashboardItem.m in Sources */ = {isa = PBXBuildFile; fileRef = 1E70099A18CA7DFD00203990 /* OHMDashboardItem.m */; };
		1EAD557518D1355700B55028 /* OHMHomeViewController.m in Sources */ = {isa = PBXBuildFile; fileRef = 1EAD557318D1355700B55028 /* OHMHomeViewController.m */; };
		1EAD557618D1355700B55028 /* OHMHomeViewController.xib in Resources */ = {isa = PBXBuildFile; fileRef = 1EAD557418D1355700B55028 /* OHMHomeViewController.xib */; };
		1EDF3C1118CE6B80001A7F29 /* OHMDashboardItemTitleView.m in Sources */ = {isa = PBXBuildFile; fileRef = 1EDF3C1018CE6B80001A7F29 /* OHMDashboardItemTitleView.m */; };
		1EDF3C1418CE836E001A7F29 /* OHMDashboardLayout.m in Sources */ = {isa = PBXBuildFile; fileRef = 1EDF3C1318CE836E001A7F29 /* OHMDashboardLayout.m */; };
/* End PBXBuildFile section */

/* Begin PBXContainerItemProxy section */
		1E70098018CA6F8700203990 /* PBXContainerItemProxy */ = {
			isa = PBXContainerItemProxy;
			containerPortal = 1E70095818CA6F8700203990 /* Project object */;
			proxyType = 1;
			remoteGlobalIDString = 1E70095F18CA6F8700203990;
			remoteInfo = ohmage_ios;
		};
/* End PBXContainerItemProxy section */

/* Begin PBXFileReference section */
		1E70096018CA6F8700203990 /* ohmage_ios.app */ = {isa = PBXFileReference; explicitFileType = wrapper.application; includeInIndex = 0; path = ohmage_ios.app; sourceTree = BUILT_PRODUCTS_DIR; };
		1E70096318CA6F8700203990 /* Foundation.framework */ = {isa = PBXFileReference; lastKnownFileType = wrapper.framework; name = Foundation.framework; path = System/Library/Frameworks/Foundation.framework; sourceTree = SDKROOT; };
		1E70096518CA6F8700203990 /* CoreGraphics.framework */ = {isa = PBXFileReference; lastKnownFileType = wrapper.framework; name = CoreGraphics.framework; path = System/Library/Frameworks/CoreGraphics.framework; sourceTree = SDKROOT; };
		1E70096718CA6F8700203990 /* UIKit.framework */ = {isa = PBXFileReference; lastKnownFileType = wrapper.framework; name = UIKit.framework; path = System/Library/Frameworks/UIKit.framework; sourceTree = SDKROOT; };
		1E70096B18CA6F8700203990 /* ohmage_ios-Info.plist */ = {isa = PBXFileReference; lastKnownFileType = text.plist.xml; path = "ohmage_ios-Info.plist"; sourceTree = "<group>"; };
		1E70096D18CA6F8700203990 /* en */ = {isa = PBXFileReference; lastKnownFileType = text.plist.strings; name = en; path = en.lproj/InfoPlist.strings; sourceTree = "<group>"; };
		1E70096F18CA6F8700203990 /* main.m */ = {isa = PBXFileReference; lastKnownFileType = sourcecode.c.objc; path = main.m; sourceTree = "<group>"; };
		1E70097118CA6F8700203990 /* ohmage_ios-Prefix.pch */ = {isa = PBXFileReference; lastKnownFileType = sourcecode.c.h; path = "ohmage_ios-Prefix.pch"; sourceTree = "<group>"; };
		1E70097218CA6F8700203990 /* OHMAppDelegate.h */ = {isa = PBXFileReference; lastKnownFileType = sourcecode.c.h; path = OHMAppDelegate.h; sourceTree = "<group>"; };
		1E70097318CA6F8700203990 /* OHMAppDelegate.m */ = {isa = PBXFileReference; lastKnownFileType = sourcecode.c.objc; path = OHMAppDelegate.m; sourceTree = "<group>"; };
		1E70097518CA6F8700203990 /* Images.xcassets */ = {isa = PBXFileReference; lastKnownFileType = folder.assetcatalog; path = Images.xcassets; sourceTree = "<group>"; };
		1E70097B18CA6F8700203990 /* ohmage_iosTests.xctest */ = {isa = PBXFileReference; explicitFileType = wrapper.cfbundle; includeInIndex = 0; path = ohmage_iosTests.xctest; sourceTree = BUILT_PRODUCTS_DIR; };
		1E70097C18CA6F8700203990 /* XCTest.framework */ = {isa = PBXFileReference; lastKnownFileType = wrapper.framework; name = XCTest.framework; path = Library/Frameworks/XCTest.framework; sourceTree = DEVELOPER_DIR; };
		1E70098418CA6F8700203990 /* ohmage_iosTests-Info.plist */ = {isa = PBXFileReference; lastKnownFileType = text.plist.xml; path = "ohmage_iosTests-Info.plist"; sourceTree = "<group>"; };
		1E70098618CA6F8700203990 /* en */ = {isa = PBXFileReference; lastKnownFileType = text.plist.strings; name = en; path = en.lproj/InfoPlist.strings; sourceTree = "<group>"; };
		1E70098818CA6F8700203990 /* ohmage_iosTests.m */ = {isa = PBXFileReference; lastKnownFileType = sourcecode.c.objc; path = ohmage_iosTests.m; sourceTree = "<group>"; };
		1E70099218CA6FC500203990 /* OHMDashboardViewController.h */ = {isa = PBXFileReference; fileEncoding = 4; lastKnownFileType = sourcecode.c.h; path = OHMDashboardViewController.h; sourceTree = "<group>"; };
		1E70099318CA6FC500203990 /* OHMDashboardViewController.m */ = {isa = PBXFileReference; fileEncoding = 4; lastKnownFileType = sourcecode.c.objc; path = OHMDashboardViewController.m; sourceTree = "<group>"; };
		1E70099518CA701800203990 /* OHMDashboardCell.h */ = {isa = PBXFileReference; fileEncoding = 4; lastKnownFileType = sourcecode.c.h; path = OHMDashboardCell.h; sourceTree = "<group>"; };
		1E70099618CA701800203990 /* OHMDashboardCell.m */ = {isa = PBXFileReference; fileEncoding = 4; lastKnownFileType = sourcecode.c.objc; path = OHMDashboardCell.m; sourceTree = "<group>"; };
		1E70099918CA7DFD00203990 /* OHMDashboardItem.h */ = {isa = PBXFileReference; fileEncoding = 4; lastKnownFileType = sourcecode.c.h; path = OHMDashboardItem.h; sourceTree = "<group>"; };
		1E70099A18CA7DFD00203990 /* OHMDashboardItem.m */ = {isa = PBXFileReference; fileEncoding = 4; lastKnownFileType = sourcecode.c.objc; path = OHMDashboardItem.m; sourceTree = "<group>"; };
		1EAD557218D1355700B55028 /* OHMHomeViewController.h */ = {isa = PBXFileReference; fileEncoding = 4; lastKnownFileType = sourcecode.c.h; path = OHMHomeViewController.h; sourceTree = "<group>"; };
		1EAD557318D1355700B55028 /* OHMHomeViewController.m */ = {isa = PBXFileReference; fileEncoding = 4; lastKnownFileType = sourcecode.c.objc; path = OHMHomeViewController.m; sourceTree = "<group>"; };
		1EAD557418D1355700B55028 /* OHMHomeViewController.xib */ = {isa = PBXFileReference; fileEncoding = 4; lastKnownFileType = file.xib; path = OHMHomeViewController.xib; sourceTree = "<group>"; };
		1EDF3C0F18CE6B80001A7F29 /* OHMDashboardItemTitleView.h */ = {isa = PBXFileReference; fileEncoding = 4; lastKnownFileType = sourcecode.c.h; path = OHMDashboardItemTitleView.h; sourceTree = "<group>"; };
		1EDF3C1018CE6B80001A7F29 /* OHMDashboardItemTitleView.m */ = {isa = PBXFileReference; fileEncoding = 4; lastKnownFileType = sourcecode.c.objc; path = OHMDashboardItemTitleView.m; sourceTree = "<group>"; };
		1EDF3C1218CE836E001A7F29 /* OHMDashboardLayout.h */ = {isa = PBXFileReference; fileEncoding = 4; lastKnownFileType = sourcecode.c.h; path = OHMDashboardLayout.h; sourceTree = "<group>"; };
		1EDF3C1318CE836E001A7F29 /* OHMDashboardLayout.m */ = {isa = PBXFileReference; fileEncoding = 4; lastKnownFileType = sourcecode.c.objc; path = OHMDashboardLayout.m; sourceTree = "<group>"; };
/* End PBXFileReference section */

/* Begin PBXFrameworksBuildPhase section */
		1E70095D18CA6F8700203990 /* Frameworks */ = {
			isa = PBXFrameworksBuildPhase;
			buildActionMask = 2147483647;
			files = (
				1E70096618CA6F8700203990 /* CoreGraphics.framework in Frameworks */,
				1E70096818CA6F8700203990 /* UIKit.framework in Frameworks */,
				1E70096418CA6F8700203990 /* Foundation.framework in Frameworks */,
			);
			runOnlyForDeploymentPostprocessing = 0;
		};
		1E70097818CA6F8700203990 /* Frameworks */ = {
			isa = PBXFrameworksBuildPhase;
			buildActionMask = 2147483647;
			files = (
				1E70097D18CA6F8700203990 /* XCTest.framework in Frameworks */,
				1E70097F18CA6F8700203990 /* UIKit.framework in Frameworks */,
				1E70097E18CA6F8700203990 /* Foundation.framework in Frameworks */,
			);
			runOnlyForDeploymentPostprocessing = 0;
		};
/* End PBXFrameworksBuildPhase section */

/* Begin PBXGroup section */
		1E70095718CA6F8700203990 = {
			isa = PBXGroup;
			children = (
				1E70096918CA6F8700203990 /* ohmage_ios */,
				1E70098218CA6F8700203990 /* ohmage_iosTests */,
				1E70096218CA6F8700203990 /* Frameworks */,
				1E70096118CA6F8700203990 /* Products */,
			);
			sourceTree = "<group>";
		};
		1E70096118CA6F8700203990 /* Products */ = {
			isa = PBXGroup;
			children = (
				1E70096018CA6F8700203990 /* ohmage_ios.app */,
				1E70097B18CA6F8700203990 /* ohmage_iosTests.xctest */,
			);
			name = Products;
			sourceTree = "<group>";
		};
		1E70096218CA6F8700203990 /* Frameworks */ = {
			isa = PBXGroup;
			children = (
				1E70096318CA6F8700203990 /* Foundation.framework */,
				1E70096518CA6F8700203990 /* CoreGraphics.framework */,
				1E70096718CA6F8700203990 /* UIKit.framework */,
				1E70097C18CA6F8700203990 /* XCTest.framework */,
			);
			name = Frameworks;
			sourceTree = "<group>";
		};
		1E70096918CA6F8700203990 /* ohmage_ios */ = {
			isa = PBXGroup;
			children = (
				1EAD557718D1356100B55028 /* Home */,
				1E70099818CA7DCE00203990 /* Dashboard */,
				1E70097218CA6F8700203990 /* OHMAppDelegate.h */,
				1E70097318CA6F8700203990 /* OHMAppDelegate.m */,
				1E70097518CA6F8700203990 /* Images.xcassets */,
				1E70096A18CA6F8700203990 /* Supporting Files */,
			);
			path = ohmage_ios;
			sourceTree = "<group>";
		};
		1E70096A18CA6F8700203990 /* Supporting Files */ = {
			isa = PBXGroup;
			children = (
				1E70096B18CA6F8700203990 /* ohmage_ios-Info.plist */,
				1E70096C18CA6F8700203990 /* InfoPlist.strings */,
				1E70096F18CA6F8700203990 /* main.m */,
				1E70097118CA6F8700203990 /* ohmage_ios-Prefix.pch */,
			);
			name = "Supporting Files";
			sourceTree = "<group>";
		};
		1E70098218CA6F8700203990 /* ohmage_iosTests */ = {
			isa = PBXGroup;
			children = (
				1E70098818CA6F8700203990 /* ohmage_iosTests.m */,
				1E70098318CA6F8700203990 /* Supporting Files */,
			);
			path = ohmage_iosTests;
			sourceTree = "<group>";
		};
		1E70098318CA6F8700203990 /* Supporting Files */ = {
			isa = PBXGroup;
			children = (
				1E70098418CA6F8700203990 /* ohmage_iosTests-Info.plist */,
				1E70098518CA6F8700203990 /* InfoPlist.strings */,
			);
			name = "Supporting Files";
			sourceTree = "<group>";
		};
		1E70099818CA7DCE00203990 /* Dashboard */ = {
			isa = PBXGroup;
			children = (
				1E70099218CA6FC500203990 /* OHMDashboardViewController.h */,
				1E70099318CA6FC500203990 /* OHMDashboardViewController.m */,
				1EDF3C1218CE836E001A7F29 /* OHMDashboardLayout.h */,
				1EDF3C1318CE836E001A7F29 /* OHMDashboardLayout.m */,
				1E70099518CA701800203990 /* OHMDashboardCell.h */,
				1E70099618CA701800203990 /* OHMDashboardCell.m */,
				1E70099918CA7DFD00203990 /* OHMDashboardItem.h */,
				1EDF3C0F18CE6B80001A7F29 /* OHMDashboardItemTitleView.h */,
				1EDF3C1018CE6B80001A7F29 /* OHMDashboardItemTitleView.m */,
				1E70099A18CA7DFD00203990 /* OHMDashboardItem.m */,
			);
			name = Dashboard;
			sourceTree = "<group>";
		};
		1EAD557718D1356100B55028 /* Home */ = {
			isa = PBXGroup;
			children = (
				1EAD557218D1355700B55028 /* OHMHomeViewController.h */,
				1EAD557318D1355700B55028 /* OHMHomeViewController.m */,
				1EAD557418D1355700B55028 /* OHMHomeViewController.xib */,
			);
			name = Home;
			sourceTree = "<group>";
		};
/* End PBXGroup section */

/* Begin PBXNativeTarget section */
		1E70095F18CA6F8700203990 /* ohmage_ios */ = {
			isa = PBXNativeTarget;
			buildConfigurationList = 1E70098C18CA6F8700203990 /* Build configuration list for PBXNativeTarget "ohmage_ios" */;
			buildPhases = (
				1E70095C18CA6F8700203990 /* Sources */,
				1E70095D18CA6F8700203990 /* Frameworks */,
				1E70095E18CA6F8700203990 /* Resources */,
			);
			buildRules = (
			);
			dependencies = (
			);
			name = ohmage_ios;
			productName = ohmage_ios;
			productReference = 1E70096018CA6F8700203990 /* ohmage_ios.app */;
			productType = "com.apple.product-type.application";
		};
		1E70097A18CA6F8700203990 /* ohmage_iosTests */ = {
			isa = PBXNativeTarget;
			buildConfigurationList = 1E70098F18CA6F8700203990 /* Build configuration list for PBXNativeTarget "ohmage_iosTests" */;
			buildPhases = (
				1E70097718CA6F8700203990 /* Sources */,
				1E70097818CA6F8700203990 /* Frameworks */,
				1E70097918CA6F8700203990 /* Resources */,
			);
			buildRules = (
			);
			dependencies = (
				1E70098118CA6F8700203990 /* PBXTargetDependency */,
			);
			name = ohmage_iosTests;
			productName = ohmage_iosTests;
			productReference = 1E70097B18CA6F8700203990 /* ohmage_iosTests.xctest */;
			productType = "com.apple.product-type.bundle.unit-test";
		};
/* End PBXNativeTarget section */

/* Begin PBXProject section */
		1E70095818CA6F8700203990 /* Project object */ = {
			isa = PBXProject;
			attributes = {
				CLASSPREFIX = OHM;
				LastUpgradeCheck = 0500;
				ORGANIZATIONNAME = VPD;
				TargetAttributes = {
					1E70097A18CA6F8700203990 = {
						TestTargetID = 1E70095F18CA6F8700203990;
					};
				};
			};
			buildConfigurationList = 1E70095B18CA6F8700203990 /* Build configuration list for PBXProject "ohmage_ios" */;
			compatibilityVersion = "Xcode 3.2";
			developmentRegion = English;
			hasScannedForEncodings = 0;
			knownRegions = (
				en,
			);
			mainGroup = 1E70095718CA6F8700203990;
			productRefGroup = 1E70096118CA6F8700203990 /* Products */;
			projectDirPath = "";
			projectRoot = "";
			targets = (
				1E70095F18CA6F8700203990 /* ohmage_ios */,
				1E70097A18CA6F8700203990 /* ohmage_iosTests */,
			);
		};
/* End PBXProject section */

/* Begin PBXResourcesBuildPhase section */
		1E70095E18CA6F8700203990 /* Resources */ = {
			isa = PBXResourcesBuildPhase;
			buildActionMask = 2147483647;
			files = (
				1E70096E18CA6F8700203990 /* InfoPlist.strings in Resources */,
				1EAD557618D1355700B55028 /* OHMHomeViewController.xib in Resources */,
				1E70097618CA6F8700203990 /* Images.xcassets in Resources */,
			);
			runOnlyForDeploymentPostprocessing = 0;
		};
		1E70097918CA6F8700203990 /* Resources */ = {
			isa = PBXResourcesBuildPhase;
			buildActionMask = 2147483647;
			files = (
				1E70098718CA6F8700203990 /* InfoPlist.strings in Resources */,
			);
			runOnlyForDeploymentPostprocessing = 0;
		};
/* End PBXResourcesBuildPhase section */

/* Begin PBXSourcesBuildPhase section */
		1E70095C18CA6F8700203990 /* Sources */ = {
			isa = PBXSourcesBuildPhase;
			buildActionMask = 2147483647;
			files = (
				1EDF3C1418CE836E001A7F29 /* OHMDashboardLayout.m in Sources */,
				1EDF3C1118CE6B80001A7F29 /* OHMDashboardItemTitleView.m in Sources */,
				1E70099418CA6FC500203990 /* OHMDashboardViewController.m in Sources */,
				1E70099718CA701800203990 /* OHMDashboardCell.m in Sources */,
				1E70097018CA6F8700203990 /* main.m in Sources */,
				1E70099B18CA7DFD00203990 /* OHMDashboardItem.m in Sources */,
				1EAD557518D1355700B55028 /* OHMHomeViewController.m in Sources */,
				1E70097418CA6F8700203990 /* OHMAppDelegate.m in Sources */,
			);
			runOnlyForDeploymentPostprocessing = 0;
		};
		1E70097718CA6F8700203990 /* Sources */ = {
			isa = PBXSourcesBuildPhase;
			buildActionMask = 2147483647;
			files = (
				1E70098918CA6F8700203990 /* ohmage_iosTests.m in Sources */,
			);
			runOnlyForDeploymentPostprocessing = 0;
		};
/* End PBXSourcesBuildPhase section */

/* Begin PBXTargetDependency section */
		1E70098118CA6F8700203990 /* PBXTargetDependency */ = {
			isa = PBXTargetDependency;
			target = 1E70095F18CA6F8700203990 /* ohmage_ios */;
			targetProxy = 1E70098018CA6F8700203990 /* PBXContainerItemProxy */;
		};
/* End PBXTargetDependency section */

/* Begin PBXVariantGroup section */
		1E70096C18CA6F8700203990 /* InfoPlist.strings */ = {
			isa = PBXVariantGroup;
			children = (
				1E70096D18CA6F8700203990 /* en */,
			);
			name = InfoPlist.strings;
			sourceTree = "<group>";
		};
		1E70098518CA6F8700203990 /* InfoPlist.strings */ = {
			isa = PBXVariantGroup;
			children = (
				1E70098618CA6F8700203990 /* en */,
			);
			name = InfoPlist.strings;
			sourceTree = "<group>";
		};
/* End PBXVariantGroup section */

/* Begin XCBuildConfiguration section */
		1E70098A18CA6F8700203990 /* Debug */ = {
			isa = XCBuildConfiguration;
			buildSettings = {
				ALWAYS_SEARCH_USER_PATHS = NO;
				ARCHS = "$(ARCHS_STANDARD_INCLUDING_64_BIT)";
				CLANG_CXX_LANGUAGE_STANDARD = "gnu++0x";
				CLANG_CXX_LIBRARY = "libc++";
				CLANG_ENABLE_MODULES = YES;
				CLANG_ENABLE_OBJC_ARC = YES;
				CLANG_WARN_BOOL_CONVERSION = YES;
				CLANG_WARN_CONSTANT_CONVERSION = YES;
				CLANG_WARN_DIRECT_OBJC_ISA_USAGE = YES_ERROR;
				CLANG_WARN_EMPTY_BODY = YES;
				CLANG_WARN_ENUM_CONVERSION = YES;
				CLANG_WARN_INT_CONVERSION = YES;
				CLANG_WARN_OBJC_ROOT_CLASS = YES_ERROR;
				CLANG_WARN__DUPLICATE_METHOD_MATCH = YES;
				"CODE_SIGN_IDENTITY[sdk=iphoneos*]" = "iPhone Developer";
				COPY_PHASE_STRIP = NO;
				GCC_C_LANGUAGE_STANDARD = gnu99;
				GCC_DYNAMIC_NO_PIC = NO;
				GCC_OPTIMIZATION_LEVEL = 0;
				GCC_PREPROCESSOR_DEFINITIONS = (
					"DEBUG=1",
					"$(inherited)",
				);
				GCC_SYMBOLS_PRIVATE_EXTERN = NO;
				GCC_WARN_64_TO_32_BIT_CONVERSION = YES;
				GCC_WARN_ABOUT_RETURN_TYPE = YES_ERROR;
				GCC_WARN_UNDECLARED_SELECTOR = YES;
				GCC_WARN_UNINITIALIZED_AUTOS = YES;
				GCC_WARN_UNUSED_FUNCTION = YES;
				GCC_WARN_UNUSED_VARIABLE = YES;
				IPHONEOS_DEPLOYMENT_TARGET = 7.0;
				ONLY_ACTIVE_ARCH = YES;
				SDKROOT = iphoneos;
			};
			name = Debug;
		};
		1E70098B18CA6F8700203990 /* Release */ = {
			isa = XCBuildConfiguration;
			buildSettings = {
				ALWAYS_SEARCH_USER_PATHS = NO;
				ARCHS = "$(ARCHS_STANDARD_INCLUDING_64_BIT)";
				CLANG_CXX_LANGUAGE_STANDARD = "gnu++0x";
				CLANG_CXX_LIBRARY = "libc++";
				CLANG_ENABLE_MODULES = YES;
				CLANG_ENABLE_OBJC_ARC = YES;
				CLANG_WARN_BOOL_CONVERSION = YES;
				CLANG_WARN_CONSTANT_CONVERSION = YES;
				CLANG_WARN_DIRECT_OBJC_ISA_USAGE = YES_ERROR;
				CLANG_WARN_EMPTY_BODY = YES;
				CLANG_WARN_ENUM_CONVERSION = YES;
				CLANG_WARN_INT_CONVERSION = YES;
				CLANG_WARN_OBJC_ROOT_CLASS = YES_ERROR;
				CLANG_WARN__DUPLICATE_METHOD_MATCH = YES;
				"CODE_SIGN_IDENTITY[sdk=iphoneos*]" = "iPhone Developer";
				COPY_PHASE_STRIP = YES;
				ENABLE_NS_ASSERTIONS = NO;
				GCC_C_LANGUAGE_STANDARD = gnu99;
				GCC_WARN_64_TO_32_BIT_CONVERSION = YES;
				GCC_WARN_ABOUT_RETURN_TYPE = YES_ERROR;
				GCC_WARN_UNDECLARED_SELECTOR = YES;
				GCC_WARN_UNINITIALIZED_AUTOS = YES;
				GCC_WARN_UNUSED_FUNCTION = YES;
				GCC_WARN_UNUSED_VARIABLE = YES;
				IPHONEOS_DEPLOYMENT_TARGET = 7.0;
				SDKROOT = iphoneos;
				VALIDATE_PRODUCT = YES;
			};
			name = Release;
		};
		1E70098D18CA6F8700203990 /* Debug */ = {
			isa = XCBuildConfiguration;
			buildSettings = {
				ASSETCATALOG_COMPILER_APPICON_NAME = AppIcon;
				ASSETCATALOG_COMPILER_LAUNCHIMAGE_NAME = LaunchImage;
				GCC_PRECOMPILE_PREFIX_HEADER = YES;
				GCC_PREFIX_HEADER = "ohmage_ios/ohmage_ios-Prefix.pch";
				INFOPLIST_FILE = "ohmage_ios/ohmage_ios-Info.plist";
				PRODUCT_NAME = "$(TARGET_NAME)";
				WRAPPER_EXTENSION = app;
			};
			name = Debug;
		};
		1E70098E18CA6F8700203990 /* Release */ = {
			isa = XCBuildConfiguration;
			buildSettings = {
				ASSETCATALOG_COMPILER_APPICON_NAME = AppIcon;
				ASSETCATALOG_COMPILER_LAUNCHIMAGE_NAME = LaunchImage;
				GCC_PRECOMPILE_PREFIX_HEADER = YES;
				GCC_PREFIX_HEADER = "ohmage_ios/ohmage_ios-Prefix.pch";
				INFOPLIST_FILE = "ohmage_ios/ohmage_ios-Info.plist";
				PRODUCT_NAME = "$(TARGET_NAME)";
				WRAPPER_EXTENSION = app;
			};
			name = Release;
		};
		1E70099018CA6F8700203990 /* Debug */ = {
			isa = XCBuildConfiguration;
			buildSettings = {
				ARCHS = "$(ARCHS_STANDARD_INCLUDING_64_BIT)";
				BUNDLE_LOADER = "$(BUILT_PRODUCTS_DIR)/ohmage_ios.app/ohmage_ios";
				FRAMEWORK_SEARCH_PATHS = (
					"$(SDKROOT)/Developer/Library/Frameworks",
					"$(inherited)",
					"$(DEVELOPER_FRAMEWORKS_DIR)",
				);
				GCC_PRECOMPILE_PREFIX_HEADER = YES;
				GCC_PREFIX_HEADER = "ohmage_ios/ohmage_ios-Prefix.pch";
				GCC_PREPROCESSOR_DEFINITIONS = (
					"DEBUG=1",
					"$(inherited)",
				);
				INFOPLIST_FILE = "ohmage_iosTests/ohmage_iosTests-Info.plist";
				PRODUCT_NAME = "$(TARGET_NAME)";
				TEST_HOST = "$(BUNDLE_LOADER)";
				WRAPPER_EXTENSION = xctest;
			};
			name = Debug;
		};
		1E70099118CA6F8700203990 /* Release */ = {
			isa = XCBuildConfiguration;
			buildSettings = {
				ARCHS = "$(ARCHS_STANDARD_INCLUDING_64_BIT)";
				BUNDLE_LOADER = "$(BUILT_PRODUCTS_DIR)/ohmage_ios.app/ohmage_ios";
				FRAMEWORK_SEARCH_PATHS = (
					"$(SDKROOT)/Developer/Library/Frameworks",
					"$(inherited)",
					"$(DEVELOPER_FRAMEWORKS_DIR)",
				);
				GCC_PRECOMPILE_PREFIX_HEADER = YES;
				GCC_PREFIX_HEADER = "ohmage_ios/ohmage_ios-Prefix.pch";
				INFOPLIST_FILE = "ohmage_iosTests/ohmage_iosTests-Info.plist";
				PRODUCT_NAME = "$(TARGET_NAME)";
				TEST_HOST = "$(BUNDLE_LOADER)";
				WRAPPER_EXTENSION = xctest;
			};
			name = Release;
		};
/* End XCBuildConfiguration section */

/* Begin XCConfigurationList section */
		1E70095B18CA6F8700203990 /* Build configuration list for PBXProject "ohmage_ios" */ = {
			isa = XCConfigurationList;
			buildConfigurations = (
				1E70098A18CA6F8700203990 /* Debug */,
				1E70098B18CA6F8700203990 /* Release */,
			);
			defaultConfigurationIsVisible = 0;
			defaultConfigurationName = Release;
		};
		1E70098C18CA6F8700203990 /* Build configuration list for PBXNativeTarget "ohmage_ios" */ = {
			isa = XCConfigurationList;
			buildConfigurations = (
				1E70098D18CA6F8700203990 /* Debug */,
				1E70098E18CA6F8700203990 /* Release */,
			);
			defaultConfigurationIsVisible = 0;
			defaultConfigurationName = Release;
		};
		1E70098F18CA6F8700203990 /* Build configuration list for PBXNativeTarget "ohmage_iosTests" */ = {
			isa = XCConfigurationList;
			buildConfigurations = (
				1E70099018CA6F8700203990 /* Debug */,
				1E70099118CA6F8700203990 /* Release */,
			);
			defaultConfigurationIsVisible = 0;
			defaultConfigurationName = Release;
		};
/* End XCConfigurationList section */
	};
	rootObject = 1E70095818CA6F8700203990 /* Project object */;
}
